
Microsoft Visual Studio Solution File, Format Version 12.00
# Visual Studio Version 17
VisualStudioVersion = 17.14.36301.6 d17.14
MinimumVisualStudioVersion = 10.0.40219.1
Project("{FAE04EC0-301F-11D3-BF4B-00C04F79EFBC}") = "Restaurants.API", "Restaurants.API\Restaurants.API.csproj", "{1DC07823-533B-4E5C-94D6-00D5330C1A90}"
EndProject
Global
	GlobalSection(SolutionConfigurationPlatforms) = preSolution
		Debug|Any CPU = Debug|Any CPU
		Release|Any CPU = Release|Any CPU
	EndGlobalSection
	GlobalSection(ProjectConfigurationPlatforms) = postSolution
		{1DC07823-533B-4E5C-94D6-00D5330C1A90}.Debug|Any CPU.ActiveCfg = Debug|Any CPU
		{1DC07823-533B-4E5C-94D6-00D5330C1A90}.Debug|Any CPU.Build.0 = Debug|Any CPU
		{1DC07823-533B-4E5C-94D6-00D5330C1A90}.Release|Any CPU.ActiveCfg = Release|Any CPU
		{1DC07823-533B-4E5C-94D6-00D5330C1A90}.Release|Any CPU.Build.0 = Release|Any CPU
	EndGlobalSection
	GlobalSection(SolutionProperties) = preSolution
		HideSolutionNode = FALSE
	EndGlobalSection
	GlobalSection(ExtensibilityGlobals) = postSolution
		SolutionGuid = {3746D90D-0351-4D4F-A491-6B694E93F40F}
	EndGlobalSection
EndGlobal
